// !$*UTF8*$!
{
	archiveVersion = 1;
	classes = {
	};
	objectVersion = 55;
	objects = {

/* Begin PBXBuildFile section */
		1F49826080F3CF94231CEB1D /* Pods_Civica_CivicaUITests.framework in Frameworks */ = {isa = PBXBuildFile; fileRef = DCC6A52D6C21EBA4CAEB7B1E /* Pods_Civica_CivicaUITests.framework */; };
		6AE273463EA95C147607C442 /* Pods_CivicaTests.framework in Frameworks */ = {isa = PBXBuildFile; fileRef = 086F762B44F20047073C46C7 /* Pods_CivicaTests.framework */; };
		A802BFF2280499CC000F7C90 /* RepService.swift in Sources */ = {isa = PBXBuildFile; fileRef = A802BFF1280499CC000F7C90 /* RepService.swift */; };
		A818517F280B93B900D81B5F /* RepresentativesTableViewController.swift in Sources */ = {isa = PBXBuildFile; fileRef = A818517E280B93B900D81B5F /* RepresentativesTableViewController.swift */; };
		A8819038280CF73E00A218B8 /* RepResponse.swift in Sources */ = {isa = PBXBuildFile; fileRef = A8819037280CF73D00A218B8 /* RepResponse.swift */; };
		A8D1D07B2812295300495505 /* RepresentativesViewController.swift in Sources */ = {isa = PBXBuildFile; fileRef = A8D1D07A2812295300495505 /* RepresentativesViewController.swift */; };
		AF661B51A845ED8469B8200C /* Pods_Civica.framework in Frameworks */ = {isa = PBXBuildFile; fileRef = 4C6536B4A18ABBF0CCD19877 /* Pods_Civica.framework */; };
		D58D23C527FDC7B30059CB69 /* LocalNewsViewController.swift in Sources */ = {isa = PBXBuildFile; fileRef = D58D23C427FDC7B30059CB69 /* LocalNewsViewController.swift */; };
		D58D23C727FDCF620059CB69 /* NewsTableViewCell.swift in Sources */ = {isa = PBXBuildFile; fileRef = D58D23C627FDCF620059CB69 /* NewsTableViewCell.swift */; };
		D90AB6822810B6380094C939 /* EventListViewController.swift in Sources */ = {isa = PBXBuildFile; fileRef = D90AB6812810B6380094C939 /* EventListViewController.swift */; };
		D90AB6842810B64E0094C939 /* EventDetailTableViewCell.swift in Sources */ = {isa = PBXBuildFile; fileRef = D90AB6832810B64E0094C939 /* EventDetailTableViewCell.swift */; };
		D90AB68628110A5A0094C939 /* MyUtil.swift in Sources */ = {isa = PBXBuildFile; fileRef = D90AB68528110A5A0094C939 /* MyUtil.swift */; };
		D9283E782800E83A005FBE47 /* TwitterAPICaller.swift in Sources */ = {isa = PBXBuildFile; fileRef = D9283E772800E83A005FBE47 /* TwitterAPICaller.swift */; };
		D933D3BE27F93504000AF78B /* RepDetailViewController.swift in Sources */ = {isa = PBXBuildFile; fileRef = D933D3BD27F93504000AF78B /* RepDetailViewController.swift */; };
		D933D3C027F93F21000AF78B /* RepDetailNewsTableViewCell.swift in Sources */ = {isa = PBXBuildFile; fileRef = D933D3BF27F93F21000AF78B /* RepDetailNewsTableViewCell.swift */; };
		D95549D527F7AECC005F12EB /* AppDelegate.swift in Sources */ = {isa = PBXBuildFile; fileRef = D95549D427F7AECC005F12EB /* AppDelegate.swift */; };
		D95549D727F7AECC005F12EB /* SceneDelegate.swift in Sources */ = {isa = PBXBuildFile; fileRef = D95549D627F7AECC005F12EB /* SceneDelegate.swift */; };
		D95549D927F7AECC005F12EB /* ViewController.swift in Sources */ = {isa = PBXBuildFile; fileRef = D95549D827F7AECC005F12EB /* ViewController.swift */; };
		D95549DC27F7AECC005F12EB /* Main.storyboard in Resources */ = {isa = PBXBuildFile; fileRef = D95549DA27F7AECC005F12EB /* Main.storyboard */; };
		D95549DE27F7AECF005F12EB /* Assets.xcassets in Resources */ = {isa = PBXBuildFile; fileRef = D95549DD27F7AECF005F12EB /* Assets.xcassets */; };
		D95549E127F7AECF005F12EB /* LaunchScreen.storyboard in Resources */ = {isa = PBXBuildFile; fileRef = D95549DF27F7AECF005F12EB /* LaunchScreen.storyboard */; };
		D95549EC27F7AECF005F12EB /* CivicaTests.swift in Sources */ = {isa = PBXBuildFile; fileRef = D95549EB27F7AECF005F12EB /* CivicaTests.swift */; };
		D95549F627F7AECF005F12EB /* CivicaUITests.swift in Sources */ = {isa = PBXBuildFile; fileRef = D95549F527F7AECF005F12EB /* CivicaUITests.swift */; };
		D95549F827F7AECF005F12EB /* CivicaUITestsLaunchTests.swift in Sources */ = {isa = PBXBuildFile; fileRef = D95549F727F7AECF005F12EB /* CivicaUITestsLaunchTests.swift */; };
		D9554A0727F7C192005F12EB /* RepInfoTableViewCell.swift in Sources */ = {isa = PBXBuildFile; fileRef = D9554A0627F7C192005F12EB /* RepInfoTableViewCell.swift */; };
		D9C4DC222807C0C100B72275 /* myKey.swift in Sources */ = {isa = PBXBuildFile; fileRef = D9C4DC212807C0C100B72275 /* myKey.swift */; };
		D9C4DC242807C1E700B72275 /* LoginViewController.swift in Sources */ = {isa = PBXBuildFile; fileRef = D9C4DC232807C1E700B72275 /* LoginViewController.swift */; };
		D9C4DC262807C93500B72275 /* CreateEventViewController.swift in Sources */ = {isa = PBXBuildFile; fileRef = D9C4DC252807C93500B72275 /* CreateEventViewController.swift */; };
		D9C9980B27FE38A70035894A /* RepDetailTweetTableViewCell.swift in Sources */ = {isa = PBXBuildFile; fileRef = D9C9980A27FE38A70035894A /* RepDetailTweetTableViewCell.swift */; };
/* End PBXBuildFile section */

/* Begin PBXContainerItemProxy section */
		D95549E827F7AECF005F12EB /* PBXContainerItemProxy */ = {
			isa = PBXContainerItemProxy;
			containerPortal = D95549C927F7AECC005F12EB /* Project object */;
			proxyType = 1;
			remoteGlobalIDString = D95549D027F7AECC005F12EB;
			remoteInfo = Civica;
		};
		D95549F227F7AECF005F12EB /* PBXContainerItemProxy */ = {
			isa = PBXContainerItemProxy;
			containerPortal = D95549C927F7AECC005F12EB /* Project object */;
			proxyType = 1;
			remoteGlobalIDString = D95549D027F7AECC005F12EB;
			remoteInfo = Civica;
		};
/* End PBXContainerItemProxy section */

/* Begin PBXFileReference section */
		086F762B44F20047073C46C7 /* Pods_CivicaTests.framework */ = {isa = PBXFileReference; explicitFileType = wrapper.framework; includeInIndex = 0; path = Pods_CivicaTests.framework; sourceTree = BUILT_PRODUCTS_DIR; };
		25979E99D5FAF0ED72D87702 /* Pods-Civica.release.xcconfig */ = {isa = PBXFileReference; includeInIndex = 1; lastKnownFileType = text.xcconfig; name = "Pods-Civica.release.xcconfig"; path = "Target Support Files/Pods-Civica/Pods-Civica.release.xcconfig"; sourceTree = "<group>"; };
		4C6536B4A18ABBF0CCD19877 /* Pods_Civica.framework */ = {isa = PBXFileReference; explicitFileType = wrapper.framework; includeInIndex = 0; path = Pods_Civica.framework; sourceTree = BUILT_PRODUCTS_DIR; };
		74AA5AEE63134E3086921872 /* Pods-Civica-CivicaUITests.release.xcconfig */ = {isa = PBXFileReference; includeInIndex = 1; lastKnownFileType = text.xcconfig; name = "Pods-Civica-CivicaUITests.release.xcconfig"; path = "Target Support Files/Pods-Civica-CivicaUITests/Pods-Civica-CivicaUITests.release.xcconfig"; sourceTree = "<group>"; };
		7EA6CE65DAF6EB91679FE7EC /* Pods-CivicaTests.release.xcconfig */ = {isa = PBXFileReference; includeInIndex = 1; lastKnownFileType = text.xcconfig; name = "Pods-CivicaTests.release.xcconfig"; path = "Target Support Files/Pods-CivicaTests/Pods-CivicaTests.release.xcconfig"; sourceTree = "<group>"; };
		A802BFF1280499CC000F7C90 /* RepService.swift */ = {isa = PBXFileReference; lastKnownFileType = sourcecode.swift; path = RepService.swift; sourceTree = "<group>"; };
		A818517E280B93B900D81B5F /* RepresentativesTableViewController.swift */ = {isa = PBXFileReference; lastKnownFileType = sourcecode.swift; path = RepresentativesTableViewController.swift; sourceTree = "<group>"; };
		A8819037280CF73D00A218B8 /* RepResponse.swift */ = {isa = PBXFileReference; lastKnownFileType = sourcecode.swift; path = RepResponse.swift; sourceTree = "<group>"; };
		A8D1D07A2812295300495505 /* RepresentativesViewController.swift */ = {isa = PBXFileReference; lastKnownFileType = sourcecode.swift; path = RepresentativesViewController.swift; sourceTree = "<group>"; };
		BC21134F4356DD4FD7CE86E7 /* Pods-Civica.debug.xcconfig */ = {isa = PBXFileReference; includeInIndex = 1; lastKnownFileType = text.xcconfig; name = "Pods-Civica.debug.xcconfig"; path = "Target Support Files/Pods-Civica/Pods-Civica.debug.xcconfig"; sourceTree = "<group>"; };
		D58D23C427FDC7B30059CB69 /* LocalNewsViewController.swift */ = {isa = PBXFileReference; lastKnownFileType = sourcecode.swift; path = LocalNewsViewController.swift; sourceTree = "<group>"; };
		D58D23C627FDCF620059CB69 /* NewsTableViewCell.swift */ = {isa = PBXFileReference; lastKnownFileType = sourcecode.swift; path = NewsTableViewCell.swift; sourceTree = "<group>"; };
		D90AB6812810B6380094C939 /* EventListViewController.swift */ = {isa = PBXFileReference; lastKnownFileType = sourcecode.swift; path = EventListViewController.swift; sourceTree = "<group>"; };
		D90AB6832810B64E0094C939 /* EventDetailTableViewCell.swift */ = {isa = PBXFileReference; lastKnownFileType = sourcecode.swift; path = EventDetailTableViewCell.swift; sourceTree = "<group>"; };
		D90AB68528110A5A0094C939 /* MyUtil.swift */ = {isa = PBXFileReference; lastKnownFileType = sourcecode.swift; path = MyUtil.swift; sourceTree = "<group>"; };
		D9283E772800E83A005FBE47 /* TwitterAPICaller.swift */ = {isa = PBXFileReference; fileEncoding = 4; lastKnownFileType = sourcecode.swift; path = TwitterAPICaller.swift; sourceTree = "<group>"; };
		D933D3BD27F93504000AF78B /* RepDetailViewController.swift */ = {isa = PBXFileReference; lastKnownFileType = sourcecode.swift; path = RepDetailViewController.swift; sourceTree = "<group>"; };
		D933D3BF27F93F21000AF78B /* RepDetailNewsTableViewCell.swift */ = {isa = PBXFileReference; lastKnownFileType = sourcecode.swift; path = RepDetailNewsTableViewCell.swift; sourceTree = "<group>"; };
		D95549D127F7AECC005F12EB /* Civica.app */ = {isa = PBXFileReference; explicitFileType = wrapper.application; includeInIndex = 0; path = Civica.app; sourceTree = BUILT_PRODUCTS_DIR; };
		D95549D427F7AECC005F12EB /* AppDelegate.swift */ = {isa = PBXFileReference; lastKnownFileType = sourcecode.swift; path = AppDelegate.swift; sourceTree = "<group>"; };
		D95549D627F7AECC005F12EB /* SceneDelegate.swift */ = {isa = PBXFileReference; lastKnownFileType = sourcecode.swift; path = SceneDelegate.swift; sourceTree = "<group>"; };
		D95549D827F7AECC005F12EB /* ViewController.swift */ = {isa = PBXFileReference; lastKnownFileType = sourcecode.swift; path = ViewController.swift; sourceTree = "<group>"; };
		D95549DB27F7AECC005F12EB /* Base */ = {isa = PBXFileReference; lastKnownFileType = file.storyboard; name = Base; path = Base.lproj/Main.storyboard; sourceTree = "<group>"; };
		D95549DD27F7AECF005F12EB /* Assets.xcassets */ = {isa = PBXFileReference; lastKnownFileType = folder.assetcatalog; path = Assets.xcassets; sourceTree = "<group>"; };
		D95549E027F7AECF005F12EB /* Base */ = {isa = PBXFileReference; lastKnownFileType = file.storyboard; name = Base; path = Base.lproj/LaunchScreen.storyboard; sourceTree = "<group>"; };
		D95549E227F7AECF005F12EB /* Info.plist */ = {isa = PBXFileReference; lastKnownFileType = text.plist.xml; path = Info.plist; sourceTree = "<group>"; };
		D95549E727F7AECF005F12EB /* CivicaTests.xctest */ = {isa = PBXFileReference; explicitFileType = wrapper.cfbundle; includeInIndex = 0; path = CivicaTests.xctest; sourceTree = BUILT_PRODUCTS_DIR; };
		D95549EB27F7AECF005F12EB /* CivicaTests.swift */ = {isa = PBXFileReference; lastKnownFileType = sourcecode.swift; path = CivicaTests.swift; sourceTree = "<group>"; };
		D95549F127F7AECF005F12EB /* CivicaUITests.xctest */ = {isa = PBXFileReference; explicitFileType = wrapper.cfbundle; includeInIndex = 0; path = CivicaUITests.xctest; sourceTree = BUILT_PRODUCTS_DIR; };
		D95549F527F7AECF005F12EB /* CivicaUITests.swift */ = {isa = PBXFileReference; lastKnownFileType = sourcecode.swift; path = CivicaUITests.swift; sourceTree = "<group>"; };
		D95549F727F7AECF005F12EB /* CivicaUITestsLaunchTests.swift */ = {isa = PBXFileReference; lastKnownFileType = sourcecode.swift; path = CivicaUITestsLaunchTests.swift; sourceTree = "<group>"; };
		D9554A0627F7C192005F12EB /* RepInfoTableViewCell.swift */ = {isa = PBXFileReference; lastKnownFileType = sourcecode.swift; path = RepInfoTableViewCell.swift; sourceTree = "<group>"; };
		D9C4DC212807C0C100B72275 /* myKey.swift */ = {isa = PBXFileReference; lastKnownFileType = sourcecode.swift; path = myKey.swift; sourceTree = "<group>"; };
		D9C4DC232807C1E700B72275 /* LoginViewController.swift */ = {isa = PBXFileReference; lastKnownFileType = sourcecode.swift; path = LoginViewController.swift; sourceTree = "<group>"; };
		D9C4DC252807C93500B72275 /* CreateEventViewController.swift */ = {isa = PBXFileReference; lastKnownFileType = sourcecode.swift; path = CreateEventViewController.swift; sourceTree = "<group>"; };
		D9C9980A27FE38A70035894A /* RepDetailTweetTableViewCell.swift */ = {isa = PBXFileReference; lastKnownFileType = sourcecode.swift; path = RepDetailTweetTableViewCell.swift; sourceTree = "<group>"; };
		DCC6A52D6C21EBA4CAEB7B1E /* Pods_Civica_CivicaUITests.framework */ = {isa = PBXFileReference; explicitFileType = wrapper.framework; includeInIndex = 0; path = Pods_Civica_CivicaUITests.framework; sourceTree = BUILT_PRODUCTS_DIR; };
		E0C476AC6576176D90E6EEED /* Pods-Civica-CivicaUITests.debug.xcconfig */ = {isa = PBXFileReference; includeInIndex = 1; lastKnownFileType = text.xcconfig; name = "Pods-Civica-CivicaUITests.debug.xcconfig"; path = "Target Support Files/Pods-Civica-CivicaUITests/Pods-Civica-CivicaUITests.debug.xcconfig"; sourceTree = "<group>"; };
		F6F0FC5B89D7391049C279B3 /* Pods-CivicaTests.debug.xcconfig */ = {isa = PBXFileReference; includeInIndex = 1; lastKnownFileType = text.xcconfig; name = "Pods-CivicaTests.debug.xcconfig"; path = "Target Support Files/Pods-CivicaTests/Pods-CivicaTests.debug.xcconfig"; sourceTree = "<group>"; };
/* End PBXFileReference section */

/* Begin PBXFrameworksBuildPhase section */
		D95549CE27F7AECC005F12EB /* Frameworks */ = {
			isa = PBXFrameworksBuildPhase;
			buildActionMask = 2147483647;
			files = (
				AF661B51A845ED8469B8200C /* Pods_Civica.framework in Frameworks */,
			);
			runOnlyForDeploymentPostprocessing = 0;
		};
		D95549E427F7AECF005F12EB /* Frameworks */ = {
			isa = PBXFrameworksBuildPhase;
			buildActionMask = 2147483647;
			files = (
				6AE273463EA95C147607C442 /* Pods_CivicaTests.framework in Frameworks */,
			);
			runOnlyForDeploymentPostprocessing = 0;
		};
		D95549EE27F7AECF005F12EB /* Frameworks */ = {
			isa = PBXFrameworksBuildPhase;
			buildActionMask = 2147483647;
			files = (
				1F49826080F3CF94231CEB1D /* Pods_Civica_CivicaUITests.framework in Frameworks */,
			);
			runOnlyForDeploymentPostprocessing = 0;
		};
/* End PBXFrameworksBuildPhase section */

/* Begin PBXGroup section */
		892B48EA333FDA175F6DC2DB /* Pods */ = {
			isa = PBXGroup;
			children = (
				BC21134F4356DD4FD7CE86E7 /* Pods-Civica.debug.xcconfig */,
				25979E99D5FAF0ED72D87702 /* Pods-Civica.release.xcconfig */,
				E0C476AC6576176D90E6EEED /* Pods-Civica-CivicaUITests.debug.xcconfig */,
				74AA5AEE63134E3086921872 /* Pods-Civica-CivicaUITests.release.xcconfig */,
				F6F0FC5B89D7391049C279B3 /* Pods-CivicaTests.debug.xcconfig */,
				7EA6CE65DAF6EB91679FE7EC /* Pods-CivicaTests.release.xcconfig */,
			);
			path = Pods;
			sourceTree = "<group>";
		};
		BEEB4CFA999FCDB8D6181921 /* Frameworks */ = {
			isa = PBXGroup;
			children = (
				4C6536B4A18ABBF0CCD19877 /* Pods_Civica.framework */,
				DCC6A52D6C21EBA4CAEB7B1E /* Pods_Civica_CivicaUITests.framework */,
				086F762B44F20047073C46C7 /* Pods_CivicaTests.framework */,
			);
			name = Frameworks;
			sourceTree = "<group>";
		};
		D95549C827F7AECC005F12EB = {
			isa = PBXGroup;
			children = (
				D95549D327F7AECC005F12EB /* Civica */,
				D95549EA27F7AECF005F12EB /* CivicaTests */,
				D95549F427F7AECF005F12EB /* CivicaUITests */,
				D95549D227F7AECC005F12EB /* Products */,
				892B48EA333FDA175F6DC2DB /* Pods */,
				BEEB4CFA999FCDB8D6181921 /* Frameworks */,
			);
			sourceTree = "<group>";
		};
		D95549D227F7AECC005F12EB /* Products */ = {
			isa = PBXGroup;
			children = (
				D95549D127F7AECC005F12EB /* Civica.app */,
				D95549E727F7AECF005F12EB /* CivicaTests.xctest */,
				D95549F127F7AECF005F12EB /* CivicaUITests.xctest */,
			);
			name = Products;
			sourceTree = "<group>";
		};
		D95549D327F7AECC005F12EB /* Civica */ = {
			isa = PBXGroup;
			children = (
				D9283E772800E83A005FBE47 /* TwitterAPICaller.swift */,
				D95549D427F7AECC005F12EB /* AppDelegate.swift */,
				D95549D627F7AECC005F12EB /* SceneDelegate.swift */,
				D95549D827F7AECC005F12EB /* ViewController.swift */,
				D95549DA27F7AECC005F12EB /* Main.storyboard */,
				D95549DD27F7AECF005F12EB /* Assets.xcassets */,
				D95549DF27F7AECF005F12EB /* LaunchScreen.storyboard */,
				D95549E227F7AECF005F12EB /* Info.plist */,
				D9554A0627F7C192005F12EB /* RepInfoTableViewCell.swift */,
				D58D23C427FDC7B30059CB69 /* LocalNewsViewController.swift */,
				D58D23C627FDCF620059CB69 /* NewsTableViewCell.swift */,
				D933D3BD27F93504000AF78B /* RepDetailViewController.swift */,
				D933D3BF27F93F21000AF78B /* RepDetailNewsTableViewCell.swift */,
				D9C9980A27FE38A70035894A /* RepDetailTweetTableViewCell.swift */,
				A802BFF1280499CC000F7C90 /* RepService.swift */,
				A818517E280B93B900D81B5F /* RepresentativesTableViewController.swift */,
				A8819037280CF73D00A218B8 /* RepResponse.swift */,
				A8D1D07A2812295300495505 /* RepresentativesViewController.swift */,
				D9C4DC212807C0C100B72275 /* myKey.swift */,
				D9C4DC232807C1E700B72275 /* LoginViewController.swift */,
				D9C4DC252807C93500B72275 /* CreateEventViewController.swift */,
				D90AB6812810B6380094C939 /* EventListViewController.swift */,
				D90AB6832810B64E0094C939 /* EventDetailTableViewCell.swift */,
				D90AB68528110A5A0094C939 /* MyUtil.swift */,
			);
			path = Civica;
			sourceTree = "<group>";
		};
		D95549EA27F7AECF005F12EB /* CivicaTests */ = {
			isa = PBXGroup;
			children = (
				D95549EB27F7AECF005F12EB /* CivicaTests.swift */,
			);
			path = CivicaTests;
			sourceTree = "<group>";
		};
		D95549F427F7AECF005F12EB /* CivicaUITests */ = {
			isa = PBXGroup;
			children = (
				D95549F527F7AECF005F12EB /* CivicaUITests.swift */,
				D95549F727F7AECF005F12EB /* CivicaUITestsLaunchTests.swift */,
			);
			path = CivicaUITests;
			sourceTree = "<group>";
		};
/* End PBXGroup section */

/* Begin PBXNativeTarget section */
		D95549D027F7AECC005F12EB /* Civica */ = {
			isa = PBXNativeTarget;
			buildConfigurationList = D95549FB27F7AECF005F12EB /* Build configuration list for PBXNativeTarget "Civica" */;
			buildPhases = (
				BFB77AC1F563DDCD54AA17D5 /* [CP] Check Pods Manifest.lock */,
				D95549CD27F7AECC005F12EB /* Sources */,
				D95549CE27F7AECC005F12EB /* Frameworks */,
				D95549CF27F7AECC005F12EB /* Resources */,
				6BFED806CAF7911A51416EDE /* [CP] Embed Pods Frameworks */,
			);
			buildRules = (
			);
			dependencies = (
			);
			name = Civica;
			productName = Civica;
			productReference = D95549D127F7AECC005F12EB /* Civica.app */;
			productType = "com.apple.product-type.application";
		};
		D95549E627F7AECF005F12EB /* CivicaTests */ = {
			isa = PBXNativeTarget;
			buildConfigurationList = D95549FE27F7AECF005F12EB /* Build configuration list for PBXNativeTarget "CivicaTests" */;
			buildPhases = (
				675109E9898ACEC6F81068A8 /* [CP] Check Pods Manifest.lock */,
				D95549E327F7AECF005F12EB /* Sources */,
				D95549E427F7AECF005F12EB /* Frameworks */,
				D95549E527F7AECF005F12EB /* Resources */,
			);
			buildRules = (
			);
			dependencies = (
				D95549E927F7AECF005F12EB /* PBXTargetDependency */,
			);
			name = CivicaTests;
			productName = CivicaTests;
			productReference = D95549E727F7AECF005F12EB /* CivicaTests.xctest */;
			productType = "com.apple.product-type.bundle.unit-test";
		};
		D95549F027F7AECF005F12EB /* CivicaUITests */ = {
			isa = PBXNativeTarget;
			buildConfigurationList = D9554A0127F7AECF005F12EB /* Build configuration list for PBXNativeTarget "CivicaUITests" */;
			buildPhases = (
				111259784BA133B9ACF54707 /* [CP] Check Pods Manifest.lock */,
				D95549ED27F7AECF005F12EB /* Sources */,
				D95549EE27F7AECF005F12EB /* Frameworks */,
				D95549EF27F7AECF005F12EB /* Resources */,
				70BFED727A0699E500725D82 /* [CP] Embed Pods Frameworks */,
			);
			buildRules = (
			);
			dependencies = (
				D95549F327F7AECF005F12EB /* PBXTargetDependency */,
			);
			name = CivicaUITests;
			productName = CivicaUITests;
			productReference = D95549F127F7AECF005F12EB /* CivicaUITests.xctest */;
			productType = "com.apple.product-type.bundle.ui-testing";
		};
/* End PBXNativeTarget section */

/* Begin PBXProject section */
		D95549C927F7AECC005F12EB /* Project object */ = {
			isa = PBXProject;
			attributes = {
				BuildIndependentTargetsInParallel = 1;
				LastSwiftUpdateCheck = 1330;
				LastUpgradeCheck = 1330;
				TargetAttributes = {
					D95549D027F7AECC005F12EB = {
						CreatedOnToolsVersion = 13.3;
					};
					D95549E627F7AECF005F12EB = {
						CreatedOnToolsVersion = 13.3;
						TestTargetID = D95549D027F7AECC005F12EB;
					};
					D95549F027F7AECF005F12EB = {
						CreatedOnToolsVersion = 13.3;
						TestTargetID = D95549D027F7AECC005F12EB;
					};
				};
			};
			buildConfigurationList = D95549CC27F7AECC005F12EB /* Build configuration list for PBXProject "Civica" */;
			compatibilityVersion = "Xcode 13.0";
			developmentRegion = en;
			hasScannedForEncodings = 0;
			knownRegions = (
				en,
				Base,
			);
			mainGroup = D95549C827F7AECC005F12EB;
			productRefGroup = D95549D227F7AECC005F12EB /* Products */;
			projectDirPath = "";
			projectRoot = "";
			targets = (
				D95549D027F7AECC005F12EB /* Civica */,
				D95549E627F7AECF005F12EB /* CivicaTests */,
				D95549F027F7AECF005F12EB /* CivicaUITests */,
			);
		};
/* End PBXProject section */

/* Begin PBXResourcesBuildPhase section */
		D95549CF27F7AECC005F12EB /* Resources */ = {
			isa = PBXResourcesBuildPhase;
			buildActionMask = 2147483647;
			files = (
				D95549E127F7AECF005F12EB /* LaunchScreen.storyboard in Resources */,
				D95549DE27F7AECF005F12EB /* Assets.xcassets in Resources */,
				D95549DC27F7AECC005F12EB /* Main.storyboard in Resources */,
			);
			runOnlyForDeploymentPostprocessing = 0;
		};
		D95549E527F7AECF005F12EB /* Resources */ = {
			isa = PBXResourcesBuildPhase;
			buildActionMask = 2147483647;
			files = (
			);
			runOnlyForDeploymentPostprocessing = 0;
		};
		D95549EF27F7AECF005F12EB /* Resources */ = {
			isa = PBXResourcesBuildPhase;
			buildActionMask = 2147483647;
			files = (
			);
			runOnlyForDeploymentPostprocessing = 0;
		};
/* End PBXResourcesBuildPhase section */

/* Begin PBXShellScriptBuildPhase section */
		111259784BA133B9ACF54707 /* [CP] Check Pods Manifest.lock */ = {
			isa = PBXShellScriptBuildPhase;
			buildActionMask = 2147483647;
			files = (
			);
			inputFileListPaths = (
			);
			inputPaths = (
				"${PODS_PODFILE_DIR_PATH}/Podfile.lock",
				"${PODS_ROOT}/Manifest.lock",
			);
			name = "[CP] Check Pods Manifest.lock";
			outputFileListPaths = (
			);
			outputPaths = (
				"$(DERIVED_FILE_DIR)/Pods-Civica-CivicaUITests-checkManifestLockResult.txt",
			);
			runOnlyForDeploymentPostprocessing = 0;
			shellPath = /bin/sh;
			shellScript = "diff \"${PODS_PODFILE_DIR_PATH}/Podfile.lock\" \"${PODS_ROOT}/Manifest.lock\" > /dev/null\nif [ $? != 0 ] ; then\n    # print error to STDERR\n    echo \"error: The sandbox is not in sync with the Podfile.lock. Run 'pod install' or update your CocoaPods installation.\" >&2\n    exit 1\nfi\n# This output is used by Xcode 'outputs' to avoid re-running this script phase.\necho \"SUCCESS\" > \"${SCRIPT_OUTPUT_FILE_0}\"\n";
			showEnvVarsInLog = 0;
		};
		675109E9898ACEC6F81068A8 /* [CP] Check Pods Manifest.lock */ = {
			isa = PBXShellScriptBuildPhase;
			buildActionMask = 2147483647;
			files = (
			);
			inputFileListPaths = (
			);
			inputPaths = (
				"${PODS_PODFILE_DIR_PATH}/Podfile.lock",
				"${PODS_ROOT}/Manifest.lock",
			);
			name = "[CP] Check Pods Manifest.lock";
			outputFileListPaths = (
			);
			outputPaths = (
				"$(DERIVED_FILE_DIR)/Pods-CivicaTests-checkManifestLockResult.txt",
			);
			runOnlyForDeploymentPostprocessing = 0;
			shellPath = /bin/sh;
			shellScript = "diff \"${PODS_PODFILE_DIR_PATH}/Podfile.lock\" \"${PODS_ROOT}/Manifest.lock\" > /dev/null\nif [ $? != 0 ] ; then\n    # print error to STDERR\n    echo \"error: The sandbox is not in sync with the Podfile.lock. Run 'pod install' or update your CocoaPods installation.\" >&2\n    exit 1\nfi\n# This output is used by Xcode 'outputs' to avoid re-running this script phase.\necho \"SUCCESS\" > \"${SCRIPT_OUTPUT_FILE_0}\"\n";
			showEnvVarsInLog = 0;
		};
		6BFED806CAF7911A51416EDE /* [CP] Embed Pods Frameworks */ = {
			isa = PBXShellScriptBuildPhase;
			buildActionMask = 2147483647;
			files = (
			);
			inputFileListPaths = (
				"${PODS_ROOT}/Target Support Files/Pods-Civica/Pods-Civica-frameworks-${CONFIGURATION}-input-files.xcfilelist",
			);
			name = "[CP] Embed Pods Frameworks";
			outputFileListPaths = (
				"${PODS_ROOT}/Target Support Files/Pods-Civica/Pods-Civica-frameworks-${CONFIGURATION}-output-files.xcfilelist",
			);
			runOnlyForDeploymentPostprocessing = 0;
			shellPath = /bin/sh;
			shellScript = "\"${PODS_ROOT}/Target Support Files/Pods-Civica/Pods-Civica-frameworks.sh\"\n";
			showEnvVarsInLog = 0;
		};
		70BFED727A0699E500725D82 /* [CP] Embed Pods Frameworks */ = {
			isa = PBXShellScriptBuildPhase;
			buildActionMask = 2147483647;
			files = (
			);
			inputFileListPaths = (
				"${PODS_ROOT}/Target Support Files/Pods-Civica-CivicaUITests/Pods-Civica-CivicaUITests-frameworks-${CONFIGURATION}-input-files.xcfilelist",
			);
			name = "[CP] Embed Pods Frameworks";
			outputFileListPaths = (
				"${PODS_ROOT}/Target Support Files/Pods-Civica-CivicaUITests/Pods-Civica-CivicaUITests-frameworks-${CONFIGURATION}-output-files.xcfilelist",
			);
			runOnlyForDeploymentPostprocessing = 0;
			shellPath = /bin/sh;
			shellScript = "\"${PODS_ROOT}/Target Support Files/Pods-Civica-CivicaUITests/Pods-Civica-CivicaUITests-frameworks.sh\"\n";
			showEnvVarsInLog = 0;
		};
		BFB77AC1F563DDCD54AA17D5 /* [CP] Check Pods Manifest.lock */ = {
			isa = PBXShellScriptBuildPhase;
			buildActionMask = 2147483647;
			files = (
			);
			inputFileListPaths = (
			);
			inputPaths = (
				"${PODS_PODFILE_DIR_PATH}/Podfile.lock",
				"${PODS_ROOT}/Manifest.lock",
			);
			name = "[CP] Check Pods Manifest.lock";
			outputFileListPaths = (
			);
			outputPaths = (
				"$(DERIVED_FILE_DIR)/Pods-Civica-checkManifestLockResult.txt",
			);
			runOnlyForDeploymentPostprocessing = 0;
			shellPath = /bin/sh;
			shellScript = "diff \"${PODS_PODFILE_DIR_PATH}/Podfile.lock\" \"${PODS_ROOT}/Manifest.lock\" > /dev/null\nif [ $? != 0 ] ; then\n    # print error to STDERR\n    echo \"error: The sandbox is not in sync with the Podfile.lock. Run 'pod install' or update your CocoaPods installation.\" >&2\n    exit 1\nfi\n# This output is used by Xcode 'outputs' to avoid re-running this script phase.\necho \"SUCCESS\" > \"${SCRIPT_OUTPUT_FILE_0}\"\n";
			showEnvVarsInLog = 0;
		};
/* End PBXShellScriptBuildPhase section */

/* Begin PBXSourcesBuildPhase section */
		D95549CD27F7AECC005F12EB /* Sources */ = {
			isa = PBXSourcesBuildPhase;
			buildActionMask = 2147483647;
			files = (
				D933D3C027F93F21000AF78B /* RepDetailNewsTableViewCell.swift in Sources */,
				D90AB6842810B64E0094C939 /* EventDetailTableViewCell.swift in Sources */,
				D9C4DC222807C0C100B72275 /* myKey.swift in Sources */,
				D95549D927F7AECC005F12EB /* ViewController.swift in Sources */,
				A8819038280CF73E00A218B8 /* RepResponse.swift in Sources */,
				D58D23C727FDCF620059CB69 /* NewsTableViewCell.swift in Sources */,
				A8D1D07B2812295300495505 /* RepresentativesViewController.swift in Sources */,
				A802BFF2280499CC000F7C90 /* RepService.swift in Sources */,
				D95549D527F7AECC005F12EB /* AppDelegate.swift in Sources */,
				A818517F280B93B900D81B5F /* RepresentativesTableViewController.swift in Sources */,
				D95549D727F7AECC005F12EB /* SceneDelegate.swift in Sources */,
				D9554A0727F7C192005F12EB /* RepInfoTableViewCell.swift in Sources */,
				D58D23C527FDC7B30059CB69 /* LocalNewsViewController.swift in Sources */,
				D9C9980B27FE38A70035894A /* RepDetailTweetTableViewCell.swift in Sources */,
				D90AB6822810B6380094C939 /* EventListViewController.swift in Sources */,
				D933D3BE27F93504000AF78B /* RepDetailViewController.swift in Sources */,
				D9283E782800E83A005FBE47 /* TwitterAPICaller.swift in Sources */,
				D9C4DC242807C1E700B72275 /* LoginViewController.swift in Sources */,
				D9C4DC262807C93500B72275 /* CreateEventViewController.swift in Sources */,
				D90AB68628110A5A0094C939 /* MyUtil.swift in Sources */,
			);
			runOnlyForDeploymentPostprocessing = 0;
		};
		D95549E327F7AECF005F12EB /* Sources */ = {
			isa = PBXSourcesBuildPhase;
			buildActionMask = 2147483647;
			files = (
				D95549EC27F7AECF005F12EB /* CivicaTests.swift in Sources */,
			);
			runOnlyForDeploymentPostprocessing = 0;
		};
		D95549ED27F7AECF005F12EB /* Sources */ = {
			isa = PBXSourcesBuildPhase;
			buildActionMask = 2147483647;
			files = (
				D95549F627F7AECF005F12EB /* CivicaUITests.swift in Sources */,
				D95549F827F7AECF005F12EB /* CivicaUITestsLaunchTests.swift in Sources */,
			);
			runOnlyForDeploymentPostprocessing = 0;
		};
/* End PBXSourcesBuildPhase section */

/* Begin PBXTargetDependency section */
		D95549E927F7AECF005F12EB /* PBXTargetDependency */ = {
			isa = PBXTargetDependency;
			target = D95549D027F7AECC005F12EB /* Civica */;
			targetProxy = D95549E827F7AECF005F12EB /* PBXContainerItemProxy */;
		};
		D95549F327F7AECF005F12EB /* PBXTargetDependency */ = {
			isa = PBXTargetDependency;
			target = D95549D027F7AECC005F12EB /* Civica */;
			targetProxy = D95549F227F7AECF005F12EB /* PBXContainerItemProxy */;
		};
/* End PBXTargetDependency section */

/* Begin PBXVariantGroup section */
		D95549DA27F7AECC005F12EB /* Main.storyboard */ = {
			isa = PBXVariantGroup;
			children = (
				D95549DB27F7AECC005F12EB /* Base */,
			);
			name = Main.storyboard;
			sourceTree = "<group>";
		};
		D95549DF27F7AECF005F12EB /* LaunchScreen.storyboard */ = {
			isa = PBXVariantGroup;
			children = (
				D95549E027F7AECF005F12EB /* Base */,
			);
			name = LaunchScreen.storyboard;
			sourceTree = "<group>";
		};
/* End PBXVariantGroup section */

/* Begin XCBuildConfiguration section */
		D95549F927F7AECF005F12EB /* Debug */ = {
			isa = XCBuildConfiguration;
			buildSettings = {
				ALWAYS_SEARCH_USER_PATHS = NO;
				CLANG_ANALYZER_NONNULL = YES;
				CLANG_ANALYZER_NUMBER_OBJECT_CONVERSION = YES_AGGRESSIVE;
				CLANG_CXX_LANGUAGE_STANDARD = "gnu++17";
				CLANG_ENABLE_MODULES = YES;
				CLANG_ENABLE_OBJC_ARC = YES;
				CLANG_ENABLE_OBJC_WEAK = YES;
				CLANG_WARN_BLOCK_CAPTURE_AUTORELEASING = YES;
				CLANG_WARN_BOOL_CONVERSION = YES;
				CLANG_WARN_COMMA = YES;
				CLANG_WARN_CONSTANT_CONVERSION = YES;
				CLANG_WARN_DEPRECATED_OBJC_IMPLEMENTATIONS = YES;
				CLANG_WARN_DIRECT_OBJC_ISA_USAGE = YES_ERROR;
				CLANG_WARN_DOCUMENTATION_COMMENTS = YES;
				CLANG_WARN_EMPTY_BODY = YES;
				CLANG_WARN_ENUM_CONVERSION = YES;
				CLANG_WARN_INFINITE_RECURSION = YES;
				CLANG_WARN_INT_CONVERSION = YES;
				CLANG_WARN_NON_LITERAL_NULL_CONVERSION = YES;
				CLANG_WARN_OBJC_IMPLICIT_RETAIN_SELF = YES;
				CLANG_WARN_OBJC_LITERAL_CONVERSION = YES;
				CLANG_WARN_OBJC_ROOT_CLASS = YES_ERROR;
				CLANG_WARN_QUOTED_INCLUDE_IN_FRAMEWORK_HEADER = YES;
				CLANG_WARN_RANGE_LOOP_ANALYSIS = YES;
				CLANG_WARN_STRICT_PROTOTYPES = YES;
				CLANG_WARN_SUSPICIOUS_MOVE = YES;
				CLANG_WARN_UNGUARDED_AVAILABILITY = YES_AGGRESSIVE;
				CLANG_WARN_UNREACHABLE_CODE = YES;
				CLANG_WARN__DUPLICATE_METHOD_MATCH = YES;
				COPY_PHASE_STRIP = NO;
				DEBUG_INFORMATION_FORMAT = dwarf;
				ENABLE_STRICT_OBJC_MSGSEND = YES;
				ENABLE_TESTABILITY = YES;
				GCC_C_LANGUAGE_STANDARD = gnu11;
				GCC_DYNAMIC_NO_PIC = NO;
				GCC_NO_COMMON_BLOCKS = YES;
				GCC_OPTIMIZATION_LEVEL = 0;
				GCC_PREPROCESSOR_DEFINITIONS = (
					"DEBUG=1",
					"$(inherited)",
				);
				GCC_WARN_64_TO_32_BIT_CONVERSION = YES;
				GCC_WARN_ABOUT_RETURN_TYPE = YES_ERROR;
				GCC_WARN_UNDECLARED_SELECTOR = YES;
				GCC_WARN_UNINITIALIZED_AUTOS = YES_AGGRESSIVE;
				GCC_WARN_UNUSED_FUNCTION = YES;
				GCC_WARN_UNUSED_VARIABLE = YES;
				IPHONEOS_DEPLOYMENT_TARGET = 15.4;
				MTL_ENABLE_DEBUG_INFO = INCLUDE_SOURCE;
				MTL_FAST_MATH = YES;
				ONLY_ACTIVE_ARCH = YES;
				SDKROOT = iphoneos;
				SWIFT_ACTIVE_COMPILATION_CONDITIONS = DEBUG;
				SWIFT_OPTIMIZATION_LEVEL = "-Onone";
			};
			name = Debug;
		};
		D95549FA27F7AECF005F12EB /* Release */ = {
			isa = XCBuildConfiguration;
			buildSettings = {
				ALWAYS_SEARCH_USER_PATHS = NO;
				CLANG_ANALYZER_NONNULL = YES;
				CLANG_ANALYZER_NUMBER_OBJECT_CONVERSION = YES_AGGRESSIVE;
				CLANG_CXX_LANGUAGE_STANDARD = "gnu++17";
				CLANG_ENABLE_MODULES = YES;
				CLANG_ENABLE_OBJC_ARC = YES;
				CLANG_ENABLE_OBJC_WEAK = YES;
				CLANG_WARN_BLOCK_CAPTURE_AUTORELEASING = YES;
				CLANG_WARN_BOOL_CONVERSION = YES;
				CLANG_WARN_COMMA = YES;
				CLANG_WARN_CONSTANT_CONVERSION = YES;
				CLANG_WARN_DEPRECATED_OBJC_IMPLEMENTATIONS = YES;
				CLANG_WARN_DIRECT_OBJC_ISA_USAGE = YES_ERROR;
				CLANG_WARN_DOCUMENTATION_COMMENTS = YES;
				CLANG_WARN_EMPTY_BODY = YES;
				CLANG_WARN_ENUM_CONVERSION = YES;
				CLANG_WARN_INFINITE_RECURSION = YES;
				CLANG_WARN_INT_CONVERSION = YES;
				CLANG_WARN_NON_LITERAL_NULL_CONVERSION = YES;
				CLANG_WARN_OBJC_IMPLICIT_RETAIN_SELF = YES;
				CLANG_WARN_OBJC_LITERAL_CONVERSION = YES;
				CLANG_WARN_OBJC_ROOT_CLASS = YES_ERROR;
				CLANG_WARN_QUOTED_INCLUDE_IN_FRAMEWORK_HEADER = YES;
				CLANG_WARN_RANGE_LOOP_ANALYSIS = YES;
				CLANG_WARN_STRICT_PROTOTYPES = YES;
				CLANG_WARN_SUSPICIOUS_MOVE = YES;
				CLANG_WARN_UNGUARDED_AVAILABILITY = YES_AGGRESSIVE;
				CLANG_WARN_UNREACHABLE_CODE = YES;
				CLANG_WARN__DUPLICATE_METHOD_MATCH = YES;
				COPY_PHASE_STRIP = NO;
				DEBUG_INFORMATION_FORMAT = "dwarf-with-dsym";
				ENABLE_NS_ASSERTIONS = NO;
				ENABLE_STRICT_OBJC_MSGSEND = YES;
				GCC_C_LANGUAGE_STANDARD = gnu11;
				GCC_NO_COMMON_BLOCKS = YES;
				GCC_WARN_64_TO_32_BIT_CONVERSION = YES;
				GCC_WARN_ABOUT_RETURN_TYPE = YES_ERROR;
				GCC_WARN_UNDECLARED_SELECTOR = YES;
				GCC_WARN_UNINITIALIZED_AUTOS = YES_AGGRESSIVE;
				GCC_WARN_UNUSED_FUNCTION = YES;
				GCC_WARN_UNUSED_VARIABLE = YES;
				IPHONEOS_DEPLOYMENT_TARGET = 15.4;
				MTL_ENABLE_DEBUG_INFO = NO;
				MTL_FAST_MATH = YES;
				SDKROOT = iphoneos;
				SWIFT_COMPILATION_MODE = wholemodule;
				SWIFT_OPTIMIZATION_LEVEL = "-O";
				VALIDATE_PRODUCT = YES;
			};
			name = Release;
		};
		D95549FC27F7AECF005F12EB /* Debug */ = {
			isa = XCBuildConfiguration;
			baseConfigurationReference = BC21134F4356DD4FD7CE86E7 /* Pods-Civica.debug.xcconfig */;
			buildSettings = {
				ASSETCATALOG_COMPILER_APPICON_NAME = AppIcon;
				ASSETCATALOG_COMPILER_GLOBAL_ACCENT_COLOR_NAME = AccentColor;
				CODE_SIGN_STYLE = Automatic;
				CURRENT_PROJECT_VERSION = 1;
				DEVELOPMENT_TEAM = 8XC6RWKQJP;
				GENERATE_INFOPLIST_FILE = YES;
				INFOPLIST_FILE = Civica/Info.plist;
				INFOPLIST_KEY_UIApplicationSupportsIndirectInputEvents = YES;
				INFOPLIST_KEY_UILaunchStoryboardName = LaunchScreen;
				INFOPLIST_KEY_UIMainStoryboardFile = Main;
				INFOPLIST_KEY_UISupportedInterfaceOrientations_iPad = "UIInterfaceOrientationPortrait UIInterfaceOrientationPortraitUpsideDown UIInterfaceOrientationLandscapeLeft UIInterfaceOrientationLandscapeRight";
				INFOPLIST_KEY_UISupportedInterfaceOrientations_iPhone = "UIInterfaceOrientationPortrait UIInterfaceOrientationLandscapeLeft UIInterfaceOrientationLandscapeRight";
				IPHONEOS_DEPLOYMENT_TARGET = 15.0;
				LD_RUNPATH_SEARCH_PATHS = (
					"$(inherited)",
					"@executable_path/Frameworks",
				);
				MARKETING_VERSION = 1.0;
				PRODUCT_BUNDLE_IDENTIFIER = com.oustella.Civica;
				PRODUCT_NAME = "$(TARGET_NAME)";
				SWIFT_EMIT_LOC_STRINGS = YES;
				SWIFT_VERSION = 5.0;
				TARGETED_DEVICE_FAMILY = "1,2";
			};
			name = Debug;
		};
		D95549FD27F7AECF005F12EB /* Release */ = {
			isa = XCBuildConfiguration;
			baseConfigurationReference = 25979E99D5FAF0ED72D87702 /* Pods-Civica.release.xcconfig */;
			buildSettings = {
				ASSETCATALOG_COMPILER_APPICON_NAME = AppIcon;
				ASSETCATALOG_COMPILER_GLOBAL_ACCENT_COLOR_NAME = AccentColor;
				CODE_SIGN_STYLE = Automatic;
				CURRENT_PROJECT_VERSION = 1;
				DEVELOPMENT_TEAM = 8XC6RWKQJP;
				GENERATE_INFOPLIST_FILE = YES;
				INFOPLIST_FILE = Civica/Info.plist;
				INFOPLIST_KEY_UIApplicationSupportsIndirectInputEvents = YES;
				INFOPLIST_KEY_UILaunchStoryboardName = LaunchScreen;
				INFOPLIST_KEY_UIMainStoryboardFile = Main;
				INFOPLIST_KEY_UISupportedInterfaceOrientations_iPad = "UIInterfaceOrientationPortrait UIInterfaceOrientationPortraitUpsideDown UIInterfaceOrientationLandscapeLeft UIInterfaceOrientationLandscapeRight";
				INFOPLIST_KEY_UISupportedInterfaceOrientations_iPhone = "UIInterfaceOrientationPortrait UIInterfaceOrientationLandscapeLeft UIInterfaceOrientationLandscapeRight";
				IPHONEOS_DEPLOYMENT_TARGET = 15.0;
				LD_RUNPATH_SEARCH_PATHS = (
					"$(inherited)",
					"@executable_path/Frameworks",
				);
				MARKETING_VERSION = 1.0;
				PRODUCT_BUNDLE_IDENTIFIER = com.oustella.Civica;
				PRODUCT_NAME = "$(TARGET_NAME)";
				SWIFT_EMIT_LOC_STRINGS = YES;
				SWIFT_VERSION = 5.0;
				TARGETED_DEVICE_FAMILY = "1,2";
			};
			name = Release;
		};
		D95549FF27F7AECF005F12EB /* Debug */ = {
			isa = XCBuildConfiguration;
			baseConfigurationReference = F6F0FC5B89D7391049C279B3 /* Pods-CivicaTests.debug.xcconfig */;
			buildSettings = {
				ALWAYS_EMBED_SWIFT_STANDARD_LIBRARIES = YES;
				BUNDLE_LOADER = "$(TEST_HOST)";
				CODE_SIGN_STYLE = Automatic;
				CURRENT_PROJECT_VERSION = 1;
				DEVELOPMENT_TEAM = 8XC6RWKQJP;
				GENERATE_INFOPLIST_FILE = YES;
				IPHONEOS_DEPLOYMENT_TARGET = 15.4;
				MARKETING_VERSION = 1.0;
				PRODUCT_BUNDLE_IDENTIFIER = com.oustella.CivicaTests;
				PRODUCT_NAME = "$(TARGET_NAME)";
				SWIFT_EMIT_LOC_STRINGS = NO;
				SWIFT_VERSION = 5.0;
				TARGETED_DEVICE_FAMILY = "1,2";
				TEST_HOST = "$(BUILT_PRODUCTS_DIR)/Civica.app/Civica";
			};
			name = Debug;
		};
		D9554A0027F7AECF005F12EB /* Release */ = {
			isa = XCBuildConfiguration;
			baseConfigurationReference = 7EA6CE65DAF6EB91679FE7EC /* Pods-CivicaTests.release.xcconfig */;
			buildSettings = {
				ALWAYS_EMBED_SWIFT_STANDARD_LIBRARIES = YES;
				BUNDLE_LOADER = "$(TEST_HOST)";
				CODE_SIGN_STYLE = Automatic;
				CURRENT_PROJECT_VERSION = 1;
				DEVELOPMENT_TEAM = 8XC6RWKQJP;
				GENERATE_INFOPLIST_FILE = YES;
				IPHONEOS_DEPLOYMENT_TARGET = 15.4;
				MARKETING_VERSION = 1.0;
				PRODUCT_BUNDLE_IDENTIFIER = com.oustella.CivicaTests;
				PRODUCT_NAME = "$(TARGET_NAME)";
				SWIFT_EMIT_LOC_STRINGS = NO;
				SWIFT_VERSION = 5.0;
				TARGETED_DEVICE_FAMILY = "1,2";
				TEST_HOST = "$(BUILT_PRODUCTS_DIR)/Civica.app/Civica";
			};
			name = Release;
		};
		D9554A0227F7AECF005F12EB /* Debug */ = {
			isa = XCBuildConfiguration;
			baseConfigurationReference = E0C476AC6576176D90E6EEED /* Pods-Civica-CivicaUITests.debug.xcconfig */;
			buildSettings = {
				ALWAYS_EMBED_SWIFT_STANDARD_LIBRARIES = YES;
				CODE_SIGN_STYLE = Automatic;
				CURRENT_PROJECT_VERSION = 1;
				DEVELOPMENT_TEAM = 8XC6RWKQJP;
				GENERATE_INFOPLIST_FILE = YES;
				MARKETING_VERSION = 1.0;
				PRODUCT_BUNDLE_IDENTIFIER = com.oustella.CivicaUITests;
				PRODUCT_NAME = "$(TARGET_NAME)";
				SWIFT_EMIT_LOC_STRINGS = NO;
				SWIFT_VERSION = 5.0;
				TARGETED_DEVICE_FAMILY = "1,2";
				TEST_TARGET_NAME = Civica;
			};
			name = Debug;
		};
		D9554A0327F7AECF005F12EB /* Release */ = {
			isa = XCBuildConfiguration;
			baseConfigurationReference = 74AA5AEE63134E3086921872 /* Pods-Civica-CivicaUITests.release.xcconfig */;
			buildSettings = {
				ALWAYS_EMBED_SWIFT_STANDARD_LIBRARIES = YES;
				CODE_SIGN_STYLE = Automatic;
				CURRENT_PROJECT_VERSION = 1;
				DEVELOPMENT_TEAM = 8XC6RWKQJP;
				GENERATE_INFOPLIST_FILE = YES;
				MARKETING_VERSION = 1.0;
				PRODUCT_BUNDLE_IDENTIFIER = com.oustella.CivicaUITests;
				PRODUCT_NAME = "$(TARGET_NAME)";
				SWIFT_EMIT_LOC_STRINGS = NO;
				SWIFT_VERSION = 5.0;
				TARGETED_DEVICE_FAMILY = "1,2";
				TEST_TARGET_NAME = Civica;
			};
			name = Release;
		};
/* End XCBuildConfiguration section */

/* Begin XCConfigurationList section */
		D95549CC27F7AECC005F12EB /* Build configuration list for PBXProject "Civica" */ = {
			isa = XCConfigurationList;
			buildConfigurations = (
				D95549F927F7AECF005F12EB /* Debug */,
				D95549FA27F7AECF005F12EB /* Release */,
			);
			defaultConfigurationIsVisible = 0;
			defaultConfigurationName = Release;
		};
		D95549FB27F7AECF005F12EB /* Build configuration list for PBXNativeTarget "Civica" */ = {
			isa = XCConfigurationList;
			buildConfigurations = (
				D95549FC27F7AECF005F12EB /* Debug */,
				D95549FD27F7AECF005F12EB /* Release */,
			);
			defaultConfigurationIsVisible = 0;
			defaultConfigurationName = Release;
		};
		D95549FE27F7AECF005F12EB /* Build configuration list for PBXNativeTarget "CivicaTests" */ = {
			isa = XCConfigurationList;
			buildConfigurations = (
				D95549FF27F7AECF005F12EB /* Debug */,
				D9554A0027F7AECF005F12EB /* Release */,
			);
			defaultConfigurationIsVisible = 0;
			defaultConfigurationName = Release;
		};
		D9554A0127F7AECF005F12EB /* Build configuration list for PBXNativeTarget "CivicaUITests" */ = {
			isa = XCConfigurationList;
			buildConfigurations = (
				D9554A0227F7AECF005F12EB /* Debug */,
				D9554A0327F7AECF005F12EB /* Release */,
			);
			defaultConfigurationIsVisible = 0;
			defaultConfigurationName = Release;
		};
/* End XCConfigurationList section */
	};
	rootObject = D95549C927F7AECC005F12EB /* Project object */;
}
